{
  "version": 4,
  "terraform_version": "1.3.6",
  "serial": 1002,
  "lineage": "f162261b-0216-a3b1-52af-079dead3107e",
  "outputs": {},
  "resources": [
    {
      "module": "module.dynamodb",
      "mode": "managed",
      "type": "aws_dynamodb_table",
      "name": "Table_Price_Training",
      "provider": "provider[\"registry.terraform.io/hashicorp/aws\"]",
      "instances": [
        {
          "schema_version": 1,
          "attributes": {
            "arn": "arn:aws:dynamodb:eu-west-1:938191981135:table/Table_Price_Training_Terraform",
            "attribute": [
              {
                "name": "currency",
                "type": "S"
              }
            ],
            "billing_mode": "PAY_PER_REQUEST",
            "deletion_protection_enabled": false,
            "global_secondary_index": [],
            "hash_key": "currency",
            "id": "Table_Price_Training_Terraform",
            "local_secondary_index": [],
            "name": "Table_Price_Training_Terraform",
            "point_in_time_recovery": [
              {
                "enabled": false
              }
            ],
            "range_key": null,
            "read_capacity": 3,
            "replica": [],
            "restore_date_time": null,
            "restore_source_name": null,
            "restore_to_latest_time": null,
            "server_side_encryption": [],
            "stream_arn": "",
            "stream_enabled": false,
            "stream_label": "",
            "stream_view_type": "",
            "table_class": "STANDARD_INFREQUENT_ACCESS",
            "tags": {},
            "tags_all": {},
            "timeouts": null,
            "ttl": [
              {
                "attribute_name": "",
                "enabled": false
              }
            ],
            "write_capacity": 3
          },
          "sensitive_attributes": [],
          "private": "eyJlMmJmYjczMC1lY2FhLTExZTYtOGY4OC0zNDM2M2JjN2M0YzAiOnsiY3JlYXRlIjoxODAwMDAwMDAwMDAwLCJkZWxldGUiOjYwMDAwMDAwMDAwMCwidXBkYXRlIjozNjAwMDAwMDAwMDAwfSwic2NoZW1hX3ZlcnNpb24iOiIxIn0="
        }
      ]
    },
    {
      "module": "module.dynamodb",
      "mode": "managed",
      "type": "aws_dynamodb_table_item",
      "name": "DynamoDb_Base_EUR",
      "provider": "provider[\"registry.terraform.io/hashicorp/aws\"]",
      "instances": [
        {
          "index_key": "CHF",
          "schema_version": 0,
          "attributes": {
            "hash_key": "currency",
            "id": "Table_Price_Training_Terraform|currency||CHF|",
            "item": "{\r\n\r\n  \"currency\": {\"S\":\"CHF\"},\r\n  \"price\": {\"N\": \"25\"}\r\n}\r\n",
            "range_key": null,
            "table_name": "Table_Price_Training_Terraform"
          },
          "sensitive_attributes": [],
          "private": "bnVsbA==",
          "dependencies": [
            "module.dynamodb.aws_dynamodb_table.Table_Price_Training"
          ]
        },
        {
          "index_key": "EUR",
          "schema_version": 0,
          "attributes": {
            "hash_key": "currency",
            "id": "Table_Price_Training_Terraform|currency||EUR|",
            "item": "{\r\n\r\n  \"currency\": {\"S\":\"EUR\"},\r\n  \"price\": {\"N\": \"13\"}\r\n}\r\n",
            "range_key": null,
            "table_name": "Table_Price_Training_Terraform"
          },
          "sensitive_attributes": [],
          "private": "bnVsbA==",
          "dependencies": [
            "module.dynamodb.aws_dynamodb_table.Table_Price_Training"
          ]
        },
        {
          "index_key": "GBP",
          "schema_version": 0,
          "attributes": {
            "hash_key": "currency",
            "id": "Table_Price_Training_Terraform|currency||GBP|",
            "item": "{\r\n\r\n  \"currency\": {\"S\":\"GBP\"},\r\n  \"price\": {\"N\": \"25\"}\r\n}\r\n",
            "range_key": null,
            "table_name": "Table_Price_Training_Terraform"
          },
          "sensitive_attributes": [],
          "private": "bnVsbA==",
          "dependencies": [
            "module.dynamodb.aws_dynamodb_table.Table_Price_Training"
          ]
        },
        {
          "index_key": "USD",
          "schema_version": 0,
          "attributes": {
            "hash_key": "currency",
            "id": "Table_Price_Training_Terraform|currency||USD|",
            "item": "{\r\n\r\n  \"currency\": {\"S\":\"USD\"},\r\n  \"price\": {\"N\": \"30\"}\r\n}\r\n",
            "range_key": null,
            "table_name": "Table_Price_Training_Terraform"
          },
          "sensitive_attributes": [],
          "private": "bnVsbA==",
          "dependencies": [
            "module.dynamodb.aws_dynamodb_table.Table_Price_Training"
          ]
        },
        {
          "index_key": "ZL",
          "schema_version": 0,
          "attributes": {
            "hash_key": "currency",
            "id": "Table_Price_Training_Terraform|currency||ZL|",
            "item": "{\r\n\r\n  \"currency\": {\"S\":\"ZL\"},\r\n  \"price\": {\"N\": \"100\"}\r\n}\r\n",
            "range_key": null,
            "table_name": "Table_Price_Training_Terraform"
          },
          "sensitive_attributes": [],
          "private": "bnVsbA==",
          "dependencies": [
            "module.dynamodb.aws_dynamodb_table.Table_Price_Training"
          ]
        }
      ]
    },
    {
      "module": "module.httpapi",
      "mode": "managed",
      "type": "aws_apigatewayv2_api",
      "name": "httpapi",
      "provider": "provider[\"registry.terraform.io/hashicorp/aws\"]",
      "instances": [
        {
          "schema_version": 0,
          "attributes": {
            "api_endpoint": "https://pe3fy4uzuj.execute-api.eu-west-1.amazonaws.com",
            "api_key_selection_expression": "$request.header.x-api-key",
            "arn": "arn:aws:apigateway:eu-west-1::/apis/pe3fy4uzuj",
            "body": null,
            "cors_configuration": [],
            "credentials_arn": null,
            "description": "",
            "disable_execute_api_endpoint": false,
            "execution_arn": "arn:aws:execute-api:eu-west-1:938191981135:pe3fy4uzuj",
            "fail_on_warnings": null,
            "id": "pe3fy4uzuj",
            "name": "My_Httpapi",
            "protocol_type": "HTTP",
            "route_key": null,
            "route_selection_expression": "$request.method $request.path",
            "tags": {},
            "tags_all": {},
            "target": null,
            "version": ""
          },
          "sensitive_attributes": [],
          "private": "bnVsbA=="
        }
      ]
    },
    {
      "module": "module.httpapi",
      "mode": "managed",
      "type": "aws_apigatewayv2_integration",
      "name": "httpapiintegration",
      "provider": "provider[\"registry.terraform.io/hashicorp/aws\"]",
      "instances": [
        {
          "schema_version": 0,
          "attributes": {
            "api_id": "pe3fy4uzuj",
            "connection_id": "",
            "connection_type": "INTERNET",
            "content_handling_strategy": "",
            "credentials_arn": "",
            "description": "",
            "id": "202awot",
            "integration_method": "POST",
            "integration_response_selection_expression": "",
            "integration_subtype": "",
            "integration_type": "AWS_PROXY",
            "integration_uri": "arn:aws:lambda:eu-west-1:938191981135:function:lambda_function_terraform",
            "passthrough_behavior": "",
            "payload_format_version": "2.0",
            "request_parameters": {},
            "request_templates": {},
            "response_parameters": [],
            "template_selection_expression": "",
            "timeout_milliseconds": 30000,
            "tls_config": []
          },
          "sensitive_attributes": [],
          "private": "bnVsbA==",
          "dependencies": [
            "module.httpapi.aws_apigatewayv2_api.httpapi",
            "module.lambda.aws_iam_role.iam_for_lambda",
            "module.lambda.aws_lambda_function.lambda",
            "module.lambda.data.archive_file.zip"
          ]
        }
      ]
    },
    {
      "module": "module.httpapi",
      "mode": "managed",
      "type": "aws_apigatewayv2_integration",
      "name": "httpapiintegration_return_price",
      "provider": "provider[\"registry.terraform.io/hashicorp/aws\"]",
      "instances": [
        {
          "schema_version": 0,
          "attributes": {
            "api_id": "pe3fy4uzuj",
            "connection_id": "",
            "connection_type": "INTERNET",
            "content_handling_strategy": "",
            "credentials_arn": "",
            "description": "",
            "id": "iq0pf7f",
            "integration_method": "POST",
            "integration_response_selection_expression": "",
            "integration_subtype": "",
            "integration_type": "AWS_PROXY",
            "integration_uri": "arn:aws:lambda:eu-west-1:938191981135:function:lambda_return_price",
            "passthrough_behavior": "",
            "payload_format_version": "2.0",
            "request_parameters": {},
            "request_templates": {},
            "response_parameters": [],
            "template_selection_expression": "",
            "timeout_milliseconds": 30000,
            "tls_config": []
          },
          "sensitive_attributes": [],
          "private": "bnVsbA==",
          "dependencies": [
            "module.httpapi.aws_apigatewayv2_api.httpapi",
            "module.lambda_return_price.aws_iam_role.iam_for_lambda",
            "module.lambda_return_price.aws_lambda_function.lambda",
            "module.lambda_return_price.data.archive_file.zip"
          ]
        }
      ]
    },
    {
      "module": "module.httpapi",
      "mode": "managed",
      "type": "aws_apigatewayv2_route",
      "name": "api_route_terraform",
      "provider": "provider[\"registry.terraform.io/hashicorp/aws\"]",
      "instances": [
        {
          "schema_version": 0,
          "attributes": {
            "api_id": "pe3fy4uzuj",
            "api_key_required": false,
            "authorization_scopes": [],
            "authorization_type": "NONE",
            "authorizer_id": "",
            "id": "8ccpani",
            "model_selection_expression": "",
            "operation_name": "",
            "request_models": {},
            "request_parameter": [],
            "route_key": "GET /list",
            "route_response_selection_expression": "",
            "target": "integrations/202awot"
          },
          "sensitive_attributes": [],
          "private": "bnVsbA==",
          "dependencies": [
            "module.httpapi.aws_apigatewayv2_api.httpapi",
            "module.httpapi.aws_apigatewayv2_integration.httpapiintegration",
            "module.lambda.aws_iam_role.iam_for_lambda",
            "module.lambda.aws_lambda_function.lambda",
            "module.lambda.data.archive_file.zip"
          ]
        }
      ]
    },
    {
      "module": "module.httpapi",
      "mode": "managed",
      "type": "aws_apigatewayv2_route",
      "name": "api_route_terraform_return_price_EUR",
      "provider": "provider[\"registry.terraform.io/hashicorp/aws\"]",
      "instances": [
        {
          "index_key": "GET /CHF",
          "schema_version": 0,
          "attributes": {
            "api_id": "pe3fy4uzuj",
            "api_key_required": false,
            "authorization_scopes": [],
            "authorization_type": "NONE",
            "authorizer_id": "",
            "id": "gsmp50r",
            "model_selection_expression": "",
            "operation_name": "",
            "request_models": {},
            "request_parameter": [],
            "route_key": "GET /CHF",
            "route_response_selection_expression": "",
            "target": "integrations/iq0pf7f"
          },
          "sensitive_attributes": [],
          "private": "bnVsbA==",
          "dependencies": [
            "module.httpapi.aws_apigatewayv2_api.httpapi",
            "module.httpapi.aws_apigatewayv2_integration.httpapiintegration_return_price",
            "module.lambda_return_price.aws_iam_role.iam_for_lambda",
            "module.lambda_return_price.aws_lambda_function.lambda",
            "module.lambda_return_price.data.archive_file.zip"
          ]
        },
        {
          "index_key": "GET /EUR",
          "schema_version": 0,
          "attributes": {
            "api_id": "pe3fy4uzuj",
            "api_key_required": false,
            "authorization_scopes": [],
            "authorization_type": "NONE",
            "authorizer_id": "",
            "id": "9x84tzd",
            "model_selection_expression": "",
            "operation_name": "",
            "request_models": {},
            "request_parameter": [],
            "route_key": "GET /EUR",
            "route_response_selection_expression": "",
            "target": "integrations/iq0pf7f"
          },
          "sensitive_attributes": [],
          "private": "bnVsbA==",
          "dependencies": [
            "module.httpapi.aws_apigatewayv2_api.httpapi",
            "module.httpapi.aws_apigatewayv2_integration.httpapiintegration_return_price",
            "module.lambda_return_price.aws_iam_role.iam_for_lambda",
            "module.lambda_return_price.aws_lambda_function.lambda",
            "module.lambda_return_price.data.archive_file.zip"
          ]
        },
        {
          "index_key": "GET /GBP",
          "schema_version": 0,
          "attributes": {
            "api_id": "pe3fy4uzuj",
            "api_key_required": false,
            "authorization_scopes": [],
            "authorization_type": "NONE",
            "authorizer_id": "",
            "id": "wgzbz59",
            "model_selection_expression": "",
            "operation_name": "",
            "request_models": {},
            "request_parameter": [],
            "route_key": "GET /GBP",
            "route_response_selection_expression": "",
            "target": "integrations/iq0pf7f"
          },
          "sensitive_attributes": [],
          "private": "bnVsbA==",
          "dependencies": [
            "module.httpapi.aws_apigatewayv2_api.httpapi",
            "module.httpapi.aws_apigatewayv2_integration.httpapiintegration_return_price",
            "module.lambda_return_price.aws_iam_role.iam_for_lambda",
            "module.lambda_return_price.aws_lambda_function.lambda",
            "module.lambda_return_price.data.archive_file.zip"
          ]
        },
        {
          "index_key": "GET /USD",
          "schema_version": 0,
          "attributes": {
            "api_id": "pe3fy4uzuj",
            "api_key_required": false,
            "authorization_scopes": [],
            "authorization_type": "NONE",
            "authorizer_id": "",
            "id": "rirj5t0",
            "model_selection_expression": "",
            "operation_name": "",
            "request_models": {},
            "request_parameter": [],
            "route_key": "GET /USD",
            "route_response_selection_expression": "",
            "target": "integrations/iq0pf7f"
          },
          "sensitive_attributes": [],
          "private": "bnVsbA==",
          "dependencies": [
            "module.httpapi.aws_apigatewayv2_api.httpapi",
            "module.httpapi.aws_apigatewayv2_integration.httpapiintegration_return_price",
            "module.lambda_return_price.aws_iam_role.iam_for_lambda",
            "module.lambda_return_price.aws_lambda_function.lambda",
            "module.lambda_return_price.data.archive_file.zip"
          ]
        },
        {
          "index_key": "GET /ZL",
          "schema_version": 0,
          "attributes": {
            "api_id": "pe3fy4uzuj",
            "api_key_required": false,
            "authorization_scopes": [],
            "authorization_type": "NONE",
            "authorizer_id": "",
            "id": "uc425q6",
            "model_selection_expression": "",
            "operation_name": "",
            "request_models": {},
            "request_parameter": [],
            "route_key": "GET /ZL",
            "route_response_selection_expression": "",
            "target": "integrations/iq0pf7f"
          },
          "sensitive_attributes": [],
          "private": "bnVsbA==",
          "dependencies": [
            "module.httpapi.aws_apigatewayv2_api.httpapi",
            "module.httpapi.aws_apigatewayv2_integration.httpapiintegration_return_price",
            "module.lambda_return_price.aws_iam_role.iam_for_lambda",
            "module.lambda_return_price.aws_lambda_function.lambda",
            "module.lambda_return_price.data.archive_file.zip"
          ]
        }
      ]
    },
    {
      "module": "module.httpapi",
      "mode": "managed",
      "type": "aws_apigatewayv2_stage",
      "name": "stage_terrraform",
      "provider": "provider[\"registry.terraform.io/hashicorp/aws\"]",
      "instances": [
        {
          "schema_version": 0,
          "attributes": {
            "access_log_settings": [],
            "api_id": "pe3fy4uzuj",
            "arn": "arn:aws:apigateway:eu-west-1::/apis/pe3fy4uzuj/stages/$default",
            "auto_deploy": true,
            "client_certificate_id": "",
            "default_route_settings": [
              {
                "data_trace_enabled": false,
                "detailed_metrics_enabled": false,
                "logging_level": "",
                "throttling_burst_limit": 0,
                "throttling_rate_limit": 0
              }
            ],
            "deployment_id": "hm80xg",
            "description": "",
            "execution_arn": "arn:aws:execute-api:eu-west-1:938191981135:pe3fy4uzuj/$default",
            "id": "$default",
            "invoke_url": "https://pe3fy4uzuj.execute-api.eu-west-1.amazonaws.com/",
            "name": "$default",
            "route_settings": [],
            "stage_variables": {},
            "tags": {},
            "tags_all": {}
          },
          "sensitive_attributes": [],
          "private": "bnVsbA==",
          "dependencies": [
            "module.httpapi.aws_apigatewayv2_api.httpapi"
          ]
        }
      ]
    },
    {
      "module": "module.httpapi",
      "mode": "managed",
      "type": "aws_lambda_permission",
      "name": "lambda_permission",
      "provider": "provider[\"registry.terraform.io/hashicorp/aws\"]",
      "instances": [
        {
          "schema_version": 0,
          "attributes": {
            "action": "lambda:InvokeFunction",
            "event_source_token": null,
            "function_name": "arn:aws:lambda:eu-west-1:938191981135:function:lambda_function_terraform",
            "function_url_auth_type": null,
            "id": "AllowMyDemoAPIInvoke",
            "principal": "apigateway.amazonaws.com",
            "principal_org_id": null,
            "qualifier": "",
            "source_account": null,
            "source_arn": "arn:aws:execute-api:eu-west-1:938191981135:pe3fy4uzuj/*",
            "statement_id": "AllowMyDemoAPIInvoke",
            "statement_id_prefix": ""
          },
          "sensitive_attributes": [],
          "private": "bnVsbA==",
          "dependencies": [
            "module.httpapi.aws_apigatewayv2_api.httpapi",
            "module.lambda.aws_iam_role.iam_for_lambda",
            "module.lambda.aws_lambda_function.lambda",
            "module.lambda.data.archive_file.zip"
          ]
        }
      ]
    },
    {
      "module": "module.httpapi",
      "mode": "managed",
      "type": "aws_lambda_permission",
      "name": "lambda_permission_return_price",
      "provider": "provider[\"registry.terraform.io/hashicorp/aws\"]",
      "instances": [
        {
          "schema_version": 0,
          "attributes": {
            "action": "lambda:InvokeFunction",
            "event_source_token": null,
            "function_name": "arn:aws:lambda:eu-west-1:938191981135:function:lambda_return_price",
            "function_url_auth_type": null,
            "id": "AllowMyDemoAPIInvoke",
            "principal": "apigateway.amazonaws.com",
            "principal_org_id": null,
            "qualifier": "",
            "source_account": null,
            "source_arn": "arn:aws:execute-api:eu-west-1:938191981135:pe3fy4uzuj/*",
            "statement_id": "AllowMyDemoAPIInvoke",
            "statement_id_prefix": ""
          },
          "sensitive_attributes": [],
          "private": "bnVsbA==",
          "dependencies": [
            "module.httpapi.aws_apigatewayv2_api.httpapi",
            "module.lambda_return_price.aws_iam_role.iam_for_lambda",
            "module.lambda_return_price.aws_lambda_function.lambda",
            "module.lambda_return_price.data.archive_file.zip"
          ]
        }
      ]
    },
    {
      "module": "module.lambda",
      "mode": "data",
      "type": "archive_file",
      "name": "zip",
      "provider": "provider[\"registry.terraform.io/hashicorp/archive\"]",
      "instances": [
        {
          "schema_version": 0,
          "attributes": {
            "exclude_symlink_directories": null,
            "excludes": null,
            "id": "300aa406a21d98daef3baf07b7cdc776817b0253",
            "output_base64sha256": "jtW/XVbahVFcjKMTal2V4f6NE7aBo2G0OqDr2Y/Ut/8=",
            "output_base64sha512": "liFS1b98hOOgQovKmPFWtbczy3+avG/faNh5p/uE/mtdn3c2e+qLvwSdBcEc2fYJvPwkQM5pK0ZRH7IJ0l4k1A==",
            "output_file_mode": null,
            "output_md5": "ce278954b6706dad216e0188e23629f7",
            "output_path": "lambda_function_terraform.zip",
            "output_sha": "300aa406a21d98daef3baf07b7cdc776817b0253",
            "output_sha256": "8ed5bf5d56da85515c8ca3136a5d95e1fe8d13b681a361b43aa0ebd98fd4b7ff",
            "output_sha512": "962152d5bf7c84e3a0428bca98f156b5b733cb7f9abc6fdf68d879a7fb84fe6b5d9f77367bea8bbf049d05c11cd9f609bcfc2440ce692b46511fb209d25e24d4",
            "output_size": 327,
            "source": [],
            "source_content": null,
            "source_content_filename": null,
            "source_dir": null,
            "source_file": "lambda_function_terraform.py",
            "type": "zip"
          },
          "sensitive_attributes": []
        }
      ]
    },
    {
      "module": "module.lambda",
      "mode": "data",
      "type": "aws_iam_policy_document",
      "name": "dynamodb-lambda-policy",
      "provider": "provider[\"registry.terraform.io/hashicorp/aws\"]",
      "instances": [
        {
          "schema_version": 0,
          "attributes": {
            "id": "635933529",
            "json": "{\n  \"Version\": \"2012-10-17\",\n  \"Statement\": [\n    {\n      \"Sid\": \"\",\n      \"Effect\": \"Allow\",\n      \"Action\": \"dynamodb:scan\",\n      \"Resource\": \"arn:aws:dynamodb:eu-west-1:938191981135:table/Table_Price_Training_Terraform\"\n    },\n    {\n      \"Sid\": \"\",\n      \"Effect\": \"Allow\",\n      \"Action\": [\n        \"logs:PutLogEvents\",\n        \"logs:CreateLogStream\",\n        \"logs:CreateLogGroup\"\n      ],\n      \"Resource\": \"*\"\n    }\n  ]\n}",
            "override_json": null,
            "override_policy_documents": null,
            "policy_id": null,
            "source_json": null,
            "source_policy_documents": null,
            "statement": [
              {
                "actions": [
                  "dynamodb:scan"
                ],
                "condition": [],
                "effect": "Allow",
                "not_actions": [],
                "not_principals": [],
                "not_resources": [],
                "principals": [],
                "resources": [
                  "arn:aws:dynamodb:eu-west-1:938191981135:table/Table_Price_Training_Terraform"
                ],
                "sid": ""
              },
              {
                "actions": [
                  "logs:CreateLogGroup",
                  "logs:CreateLogStream",
                  "logs:PutLogEvents"
                ],
                "condition": [],
                "effect": "Allow",
                "not_actions": [],
                "not_principals": [],
                "not_resources": [],
                "principals": [],
                "resources": [
                  "*"
                ],
                "sid": ""
              }
            ],
            "version": "2012-10-17"
          },
          "sensitive_attributes": []
        }
      ]
    },
    {
      "module": "module.lambda",
      "mode": "managed",
      "type": "aws_iam_policy",
      "name": "dynamodb_policy",
      "provider": "provider[\"registry.terraform.io/hashicorp/aws\"]",
      "instances": [
        {
          "schema_version": 0,
          "attributes": {
            "arn": "arn:aws:iam::938191981135:policy/dynamodb_lambda_policy",
            "description": "",
            "id": "arn:aws:iam::938191981135:policy/dynamodb_lambda_policy",
            "name": "dynamodb_lambda_policy",
            "name_prefix": "",
            "path": "/",
            "policy": "{\"Statement\":[{\"Action\":\"dynamodb:scan\",\"Effect\":\"Allow\",\"Resource\":\"arn:aws:dynamodb:eu-west-1:938191981135:table/Table_Price_Training_Terraform\",\"Sid\":\"\"},{\"Action\":[\"logs:PutLogEvents\",\"logs:CreateLogStream\",\"logs:CreateLogGroup\"],\"Effect\":\"Allow\",\"Resource\":\"*\",\"Sid\":\"\"}],\"Version\":\"2012-10-17\"}",
            "policy_id": "ANPA5U4EZRJH27GXGVRDZ",
            "tags": {},
            "tags_all": {}
          },
          "sensitive_attributes": [],
          "private": "bnVsbA==",
          "dependencies": [
            "module.dynamodb.aws_dynamodb_table.Table_Price_Training",
            "module.lambda.data.aws_iam_policy_document.dynamodb-lambda-policy"
          ]
        }
      ]
    },
    {
      "module": "module.lambda",
      "mode": "managed",
      "type": "aws_iam_role",
      "name": "iam_for_lambda",
      "provider": "provider[\"registry.terraform.io/hashicorp/aws\"]",
      "instances": [
        {
          "schema_version": 0,
          "attributes": {
            "arn": "arn:aws:iam::938191981135:role/iam_for_lambda",
            "assume_role_policy": "{\"Statement\":[{\"Action\":\"sts:AssumeRole\",\"Effect\":\"Allow\",\"Principal\":{\"Service\":\"lambda.amazonaws.com\"},\"Sid\":\"\"}],\"Version\":\"2012-10-17\"}",
            "create_date": "2023-07-10T16:20:25Z",
            "description": "",
            "force_detach_policies": false,
            "id": "iam_for_lambda",
            "inline_policy": [],
            "managed_policy_arns": [
              "arn:aws:iam::938191981135:policy/dynamodb_lambda_policy"
            ],
            "max_session_duration": 3600,
            "name": "iam_for_lambda",
            "name_prefix": "",
            "path": "/",
            "permissions_boundary": null,
            "tags": {},
            "tags_all": {},
            "unique_id": "AROA5U4EZRJHVHGWMLKTP"
          },
          "sensitive_attributes": [],
          "private": "bnVsbA=="
        }
      ]
    },
    {
      "module": "module.lambda",
      "mode": "managed",
      "type": "aws_iam_role_policy_attachment",
      "name": "test-attach",
      "provider": "provider[\"registry.terraform.io/hashicorp/aws\"]",
      "instances": [
        {
          "schema_version": 0,
          "attributes": {
            "id": "iam_for_lambda-20230710162031663200000001",
            "policy_arn": "arn:aws:iam::938191981135:policy/dynamodb_lambda_policy",
            "role": "iam_for_lambda"
          },
          "sensitive_attributes": [],
          "private": "bnVsbA==",
          "dependencies": [
            "module.dynamodb.aws_dynamodb_table.Table_Price_Training",
            "module.lambda.aws_iam_policy.dynamodb_policy",
            "module.lambda.aws_iam_role.iam_for_lambda",
            "module.lambda.data.aws_iam_policy_document.dynamodb-lambda-policy"
          ]
        }
      ]
    },
    {
      "module": "module.lambda",
      "mode": "managed",
      "type": "aws_lambda_function",
      "name": "lambda",
      "provider": "provider[\"registry.terraform.io/hashicorp/aws\"]",
      "instances": [
        {
          "schema_version": 0,
          "attributes": {
            "architectures": [
              "x86_64"
            ],
            "arn": "arn:aws:lambda:eu-west-1:938191981135:function:lambda_function_terraform",
            "code_signing_config_arn": "",
            "dead_letter_config": [],
            "description": "",
            "environment": [],
            "ephemeral_storage": [
              {
                "size": 512
              }
            ],
            "file_system_config": [],
            "filename": "lambda_function_terraform.zip",
            "function_name": "lambda_function_terraform",
            "handler": "lambda_function_terraform.lambda_handler",
            "id": "lambda_function_terraform",
            "image_config": [],
            "image_uri": "",
            "invoke_arn": "arn:aws:apigateway:eu-west-1:lambda:path/2015-03-31/functions/arn:aws:lambda:eu-west-1:938191981135:function:lambda_function_terraform/invocations",
            "kms_key_arn": "",
            "last_modified": "2023-07-10T16:20:53.331+0000",
            "layers": [],
            "memory_size": 128,
            "package_type": "Zip",
            "publish": false,
            "qualified_arn": "arn:aws:lambda:eu-west-1:938191981135:function:lambda_function_terraform:$LATEST",
            "qualified_invoke_arn": "arn:aws:apigateway:eu-west-1:lambda:path/2015-03-31/functions/arn:aws:lambda:eu-west-1:938191981135:function:lambda_function_terraform:$LATEST/invocations",
            "replace_security_groups_on_destroy": null,
            "replacement_security_group_ids": null,
            "reserved_concurrent_executions": -1,
            "role": "arn:aws:iam::938191981135:role/iam_for_lambda",
            "runtime": "python3.9",
            "s3_bucket": null,
            "s3_key": null,
            "s3_object_version": null,
            "signing_job_arn": "",
            "signing_profile_version_arn": "",
            "skip_destroy": false,
            "snap_start": [],
            "source_code_hash": "jtW/XVbahVFcjKMTal2V4f6NE7aBo2G0OqDr2Y/Ut/8=",
            "source_code_size": 327,
            "tags": {},
            "tags_all": {},
            "timeout": 3,
            "timeouts": null,
            "tracing_config": [
              {
                "mode": "PassThrough"
              }
            ],
            "version": "$LATEST",
            "vpc_config": []
          },
          "sensitive_attributes": [],
          "private": "eyJlMmJmYjczMC1lY2FhLTExZTYtOGY4OC0zNDM2M2JjN2M0YzAiOnsiY3JlYXRlIjo2MDAwMDAwMDAwMDAsImRlbGV0ZSI6NjAwMDAwMDAwMDAwLCJ1cGRhdGUiOjYwMDAwMDAwMDAwMH19",
          "dependencies": [
            "module.lambda.aws_iam_role.iam_for_lambda",
            "module.lambda.data.archive_file.zip"
          ]
        }
      ]
    },
    {
      "module": "module.lambda_return_price",
      "mode": "data",
      "type": "archive_file",
      "name": "zip",
      "provider": "provider[\"registry.terraform.io/hashicorp/archive\"]",
      "instances": [
        {
          "schema_version": 0,
          "attributes": {
            "exclude_symlink_directories": null,
            "excludes": null,
            "id": "5bbd63b329ba774cd82e4b8b990eb70331304eb8",
            "output_base64sha256": "VOQ69nG9FVvMIscpV4VklKYsWMID1R1xtdpzbjq2i+c=",
            "output_base64sha512": "9YSQ+dd1J7oYcjxrvyjeUT7HMRO5XxTCuH0Hpl31rvlJTZeieUZwgLx59R8IXGtYuDLsyzbFm4+lkOEevt0qvg==",
            "output_file_mode": null,
            "output_md5": "b9f31aa5cb93b1dd7464756b9c91dfde",
            "output_path": "lambda_return_price.zip",
            "output_sha": "5bbd63b329ba774cd82e4b8b990eb70331304eb8",
            "output_sha256": "54e43af671bd155bcc22c72957856494a62c58c203d51d71b5da736e3ab68be7",
            "output_sha512": "f58490f9d77527ba18723c6bbf28de513ec73113b95f14c2b87d07a65df5aef9494d97a279467080bc79f51f085c6b58b832eccb36c59b8fa590e11ebedd2abe",
            "output_size": 382,
            "source": [],
            "source_content": null,
            "source_content_filename": null,
            "source_dir": null,
            "source_file": "lambda_return_price.py",
            "type": "zip"
          },
          "sensitive_attributes": []
        }
      ]
    },
    {
      "module": "module.lambda_return_price",
      "mode": "data",
      "type": "aws_iam_policy_document",
      "name": "dynamodb-lambda-policy",
      "provider": "provider[\"registry.terraform.io/hashicorp/aws\"]",
      "instances": [
        {
          "schema_version": 0,
          "attributes": {
            "id": "3819044659",
            "json": "{\n  \"Version\": \"2012-10-17\",\n  \"Statement\": [\n    {\n      \"Sid\": \"\",\n      \"Effect\": \"Allow\",\n      \"Action\": \"dynamodb:GetItem\",\n      \"Resource\": \"arn:aws:dynamodb:eu-west-1:938191981135:table/Table_Price_Training_Terraform\"\n    },\n    {\n      \"Sid\": \"\",\n      \"Effect\": \"Allow\",\n      \"Action\": [\n        \"logs:PutLogEvents\",\n        \"logs:CreateLogStream\",\n        \"logs:CreateLogGroup\"\n      ],\n      \"Resource\": \"*\"\n    }\n  ]\n}",
            "override_json": null,
            "override_policy_documents": null,
            "policy_id": null,
            "source_json": null,
            "source_policy_documents": null,
            "statement": [
              {
                "actions": [
                  "dynamodb:GetItem"
                ],
                "condition": [],
                "effect": "Allow",
                "not_actions": [],
                "not_principals": [],
                "not_resources": [],
                "principals": [],
                "resources": [
                  "arn:aws:dynamodb:eu-west-1:938191981135:table/Table_Price_Training_Terraform"
                ],
                "sid": ""
              },
              {
                "actions": [
                  "logs:CreateLogGroup",
                  "logs:CreateLogStream",
                  "logs:PutLogEvents"
                ],
                "condition": [],
                "effect": "Allow",
                "not_actions": [],
                "not_principals": [],
                "not_resources": [],
                "principals": [],
                "resources": [
                  "*"
                ],
                "sid": ""
              }
            ],
            "version": "2012-10-17"
          },
          "sensitive_attributes": []
        }
      ]
    },
    {
      "module": "module.lambda_return_price",
      "mode": "managed",
      "type": "aws_iam_policy",
      "name": "dynamodb_policy",
      "provider": "provider[\"registry.terraform.io/hashicorp/aws\"]",
      "instances": [
        {
          "schema_version": 0,
          "attributes": {
            "arn": "arn:aws:iam::938191981135:policy/dynamodb_lambda_policy_price_return",
            "description": "",
            "id": "arn:aws:iam::938191981135:policy/dynamodb_lambda_policy_price_return",
            "name": "dynamodb_lambda_policy_price_return",
            "name_prefix": "",
            "path": "/",
            "policy": "{\"Statement\":[{\"Action\":\"dynamodb:GetItem\",\"Effect\":\"Allow\",\"Resource\":\"arn:aws:dynamodb:eu-west-1:938191981135:table/Table_Price_Training_Terraform\",\"Sid\":\"\"},{\"Action\":[\"logs:PutLogEvents\",\"logs:CreateLogStream\",\"logs:CreateLogGroup\"],\"Effect\":\"Allow\",\"Resource\":\"*\",\"Sid\":\"\"}],\"Version\":\"2012-10-17\"}",
            "policy_id": "ANPA5U4EZRJHRCL53CZ36",
            "tags": {},
            "tags_all": {}
          },
          "sensitive_attributes": [],
          "private": "bnVsbA==",
          "dependencies": [
            "module.dynamodb.aws_dynamodb_table.Table_Price_Training",
            "module.lambda_return_price.data.aws_iam_policy_document.dynamodb-lambda-policy"
          ]
        }
      ]
    },
    {
      "module": "module.lambda_return_price",
      "mode": "managed",
      "type": "aws_iam_role",
      "name": "iam_for_lambda",
      "provider": "provider[\"registry.terraform.io/hashicorp/aws\"]",
      "instances": [
        {
          "schema_version": 0,
          "attributes": {
            "arn": "arn:aws:iam::938191981135:role/iam_for_lambda_price_return",
            "assume_role_policy": "{\"Statement\":[{\"Action\":\"sts:AssumeRole\",\"Effect\":\"Allow\",\"Principal\":{\"Service\":\"lambda.amazonaws.com\"},\"Sid\":\"\"}],\"Version\":\"2012-10-17\"}",
            "create_date": "2023-07-10T16:20:25Z",
            "description": "",
            "force_detach_policies": false,
            "id": "iam_for_lambda_price_return",
            "inline_policy": [],
            "managed_policy_arns": [
              "arn:aws:iam::938191981135:policy/dynamodb_lambda_policy_price_return"
            ],
            "max_session_duration": 3600,
            "name": "iam_for_lambda_price_return",
            "name_prefix": "",
            "path": "/",
            "permissions_boundary": null,
            "tags": {},
            "tags_all": {},
            "unique_id": "AROA5U4EZRJH5P3TW45G7"
          },
          "sensitive_attributes": [],
          "private": "bnVsbA=="
        }
      ]
    },
    {
      "module": "module.lambda_return_price",
      "mode": "managed",
      "type": "aws_iam_role_policy_attachment",
      "name": "test-attach",
      "provider": "provider[\"registry.terraform.io/hashicorp/aws\"]",
      "instances": [
        {
          "schema_version": 0,
          "attributes": {
            "id": "iam_for_lambda_price_return-20230710162031673700000002",
            "policy_arn": "arn:aws:iam::938191981135:policy/dynamodb_lambda_policy_price_return",
            "role": "iam_for_lambda_price_return"
          },
          "sensitive_attributes": [],
          "private": "bnVsbA==",
          "dependencies": [
            "module.dynamodb.aws_dynamodb_table.Table_Price_Training",
            "module.lambda_return_price.aws_iam_policy.dynamodb_policy",
            "module.lambda_return_price.aws_iam_role.iam_for_lambda",
            "module.lambda_return_price.data.aws_iam_policy_document.dynamodb-lambda-policy"
          ]
        }
      ]
    },
    {
      "module": "module.lambda_return_price",
      "mode": "managed",
      "type": "aws_lambda_function",
      "name": "lambda",
      "provider": "provider[\"registry.terraform.io/hashicorp/aws\"]",
      "instances": [
        {
          "schema_version": 0,
          "attributes": {
            "architectures": [
              "x86_64"
            ],
            "arn": "arn:aws:lambda:eu-west-1:938191981135:function:lambda_return_price",
            "code_signing_config_arn": "",
            "dead_letter_config": [],
            "description": "",
            "environment": [],
            "ephemeral_storage": [
              {
                "size": 512
              }
            ],
            "file_system_config": [],
            "filename": "lambda_return_price.zip",
            "function_name": "lambda_return_price",
            "handler": "lambda_return_price.lambda_handler",
            "id": "lambda_return_price",
            "image_config": [],
            "image_uri": "",
            "invoke_arn": "arn:aws:apigateway:eu-west-1:lambda:path/2015-03-31/functions/arn:aws:lambda:eu-west-1:938191981135:function:lambda_return_price/invocations",
            "kms_key_arn": "",
            "last_modified": "2023-07-10T16:20:47.994+0000",
            "layers": [],
            "memory_size": 128,
            "package_type": "Zip",
            "publish": false,
            "qualified_arn": "arn:aws:lambda:eu-west-1:938191981135:function:lambda_return_price:$LATEST",
            "qualified_invoke_arn": "arn:aws:apigateway:eu-west-1:lambda:path/2015-03-31/functions/arn:aws:lambda:eu-west-1:938191981135:function:lambda_return_price:$LATEST/invocations",
            "replace_security_groups_on_destroy": null,
            "replacement_security_group_ids": null,
            "reserved_concurrent_executions": -1,
            "role": "arn:aws:iam::938191981135:role/iam_for_lambda_price_return",
            "runtime": "python3.9",
            "s3_bucket": null,
            "s3_key": null,
            "s3_object_version": null,
            "signing_job_arn": "",
            "signing_profile_version_arn": "",
            "skip_destroy": false,
            "snap_start": [],
            "source_code_hash": "VOQ69nG9FVvMIscpV4VklKYsWMID1R1xtdpzbjq2i+c=",
            "source_code_size": 382,
            "tags": {},
            "tags_all": {},
            "timeout": 3,
            "timeouts": null,
            "tracing_config": [
              {
                "mode": "PassThrough"
              }
            ],
            "version": "$LATEST",
            "vpc_config": []
          },
          "sensitive_attributes": [],
          "private": "eyJlMmJmYjczMC1lY2FhLTExZTYtOGY4OC0zNDM2M2JjN2M0YzAiOnsiY3JlYXRlIjo2MDAwMDAwMDAwMDAsImRlbGV0ZSI6NjAwMDAwMDAwMDAwLCJ1cGRhdGUiOjYwMDAwMDAwMDAwMH19",
          "dependencies": [
            "module.lambda_return_price.aws_iam_role.iam_for_lambda",
            "module.lambda_return_price.data.archive_file.zip"
          ]
        }
      ]
    }
  ],
  "check_results": null
}
